
Microsoft Visual Studio Solution File, Format Version 12.00
# Visual Studio Version 17
VisualStudioVersion = 17.12.35707.178 d17.12
MinimumVisualStudioVersion = 10.0.40219.1
Project("{FAE04EC0-301F-11D3-BF4B-00C04F79EFBC}") = "AdoptFish", "AdoptFish\AdoptFish.csproj", "{B773D151-D960-431D-9F3B-C90BE945ED6B}"
EndProject
Global
	GlobalSection(SolutionConfigurationPlatforms) = preSolution
		Debug|Any CPU = Debug|Any CPU
		Release|Any CPU = Release|Any CPU
	EndGlobalSection
	GlobalSection(ProjectConfigurationPlatforms) = postSolution
		{B773D151-D960-431D-9F3B-C90BE945ED6B}.Debug|Any CPU.ActiveCfg = Debug|Any CPU
		{B773D151-D960-431D-9F3B-C90BE945ED6B}.Debug|Any CPU.Build.0 = Debug|Any CPU
		{B773D151-D960-431D-9F3B-C90BE945ED6B}.Release|Any CPU.ActiveCfg = Release|Any CPU
		{B773D151-D960-431D-9F3B-C90BE945ED6B}.Release|Any CPU.Build.0 = Release|Any CPU
	EndGlobalSection
	GlobalSection(SolutionProperties) = preSolution
		HideSolutionNode = FALSE
	EndGlobalSection
EndGlobal
